
Microsoft Visual Studio Solution File, Format Version 12.00
# Visual Studio Version 17
VisualStudioVersion = 17.0.31903.59
MinimumVisualStudioVersion = 10.0.40219.1
Project("{2150E333-8FDC-42A3-9474-1A3956D46DE8}") = "src", "src", "{64EF0673-107F-494B-87B4-A8EB4A53CADE}"
EndProject
Project("{FAE04EC0-301F-11D3-BF4B-00C04F79EFBC}") = "UGem.API", "src\UGem.API\UGem.API.csproj", "{51353E6D-B0C1-449A-B386-7C3915431BB6}"
EndProject
Project("{FAE04EC0-301F-11D3-BF4B-00C04F79EFBC}") = "UGem.Application", "src\UGem.Application\UGem.Application.csproj", "{19609700-00EF-4C12-9A2E-1F5A0D13E365}"
EndProject
Project("{FAE04EC0-301F-11D3-BF4B-00C04F79EFBC}") = "UGem.Domain", "src\UGem.Domain\UGem.Domain.csproj", "{36C0884B-6E3B-448C-956C-AD2268F4CB96}"
EndProject
Project("{FAE04EC0-301F-11D3-BF4B-00C04F79EFBC}") = "UGem.Infrastructure", "src\UGem.Infrastructure\UGem.Infrastructure.csproj", "{2CCE4DCC-D388-4607-AA8F-4732369AAD20}"
EndProject
Project("{FAE04EC0-301F-11D3-BF4B-00C04F79EFBC}") = "UGem.Persistence", "src\UGem.Persistence\UGem.Persistence.csproj", "{A7DE00AF-74B4-4C9F-839B-9BE5529C3342}"
EndProject
Project("{FAE04EC0-301F-11D3-BF4B-00C04F79EFBC}") = "UGem.Contracts", "src\UGem.Contracts\UGem.Contracts.csproj", "{A4995446-1578-456B-9BC0-002C30303AFD}"
EndProject
Project("{FAE04EC0-301F-11D3-BF4B-00C04F79EFBC}") = "UGem.Shared", "src\UGem.Shared\UGem.Shared.csproj", "{E0128749-4929-4770-A8DA-1088F100BB09}"
EndProject
Global
	GlobalSection(SolutionConfigurationPlatforms) = preSolution
		Debug|Any CPU = Debug|Any CPU
		Release|Any CPU = Release|Any CPU
	EndGlobalSection
	GlobalSection(SolutionProperties) = preSolution
		HideSolutionNode = FALSE
	EndGlobalSection
	GlobalSection(ProjectConfigurationPlatforms) = postSolution
		{51353E6D-B0C1-449A-B386-7C3915431BB6}.Debug|Any CPU.ActiveCfg = Debug|Any CPU
		{51353E6D-B0C1-449A-B386-7C3915431BB6}.Debug|Any CPU.Build.0 = Debug|Any CPU
		{51353E6D-B0C1-449A-B386-7C3915431BB6}.Release|Any CPU.ActiveCfg = Release|Any CPU
		{51353E6D-B0C1-449A-B386-7C3915431BB6}.Release|Any CPU.Build.0 = Release|Any CPU
		{19609700-00EF-4C12-9A2E-1F5A0D13E365}.Debug|Any CPU.ActiveCfg = Debug|Any CPU
		{19609700-00EF-4C12-9A2E-1F5A0D13E365}.Debug|Any CPU.Build.0 = Debug|Any CPU
		{19609700-00EF-4C12-9A2E-1F5A0D13E365}.Release|Any CPU.ActiveCfg = Release|Any CPU
		{19609700-00EF-4C12-9A2E-1F5A0D13E365}.Release|Any CPU.Build.0 = Release|Any CPU
		{36C0884B-6E3B-448C-956C-AD2268F4CB96}.Debug|Any CPU.ActiveCfg = Debug|Any CPU
		{36C0884B-6E3B-448C-956C-AD2268F4CB96}.Debug|Any CPU.Build.0 = Debug|Any CPU
		{36C0884B-6E3B-448C-956C-AD2268F4CB96}.Release|Any CPU.ActiveCfg = Release|Any CPU
		{36C0884B-6E3B-448C-956C-AD2268F4CB96}.Release|Any CPU.Build.0 = Release|Any CPU
		{2CCE4DCC-D388-4607-AA8F-4732369AAD20}.Debug|Any CPU.ActiveCfg = Debug|Any CPU
		{2CCE4DCC-D388-4607-AA8F-4732369AAD20}.Debug|Any CPU.Build.0 = Debug|Any CPU
		{2CCE4DCC-D388-4607-AA8F-4732369AAD20}.Release|Any CPU.ActiveCfg = Release|Any CPU
		{2CCE4DCC-D388-4607-AA8F-4732369AAD20}.Release|Any CPU.Build.0 = Release|Any CPU
		{A7DE00AF-74B4-4C9F-839B-9BE5529C3342}.Debug|Any CPU.ActiveCfg = Debug|Any CPU
		{A7DE00AF-74B4-4C9F-839B-9BE5529C3342}.Debug|Any CPU.Build.0 = Debug|Any CPU
		{A7DE00AF-74B4-4C9F-839B-9BE5529C3342}.Release|Any CPU.ActiveCfg = Release|Any CPU
		{A7DE00AF-74B4-4C9F-839B-9BE5529C3342}.Release|Any CPU.Build.0 = Release|Any CPU
		{A4995446-1578-456B-9BC0-002C30303AFD}.Debug|Any CPU.ActiveCfg = Debug|Any CPU
		{A4995446-1578-456B-9BC0-002C30303AFD}.Debug|Any CPU.Build.0 = Debug|Any CPU
		{A4995446-1578-456B-9BC0-002C30303AFD}.Release|Any CPU.ActiveCfg = Release|Any CPU
		{A4995446-1578-456B-9BC0-002C30303AFD}.Release|Any CPU.Build.0 = Release|Any CPU
		{E0128749-4929-4770-A8DA-1088F100BB09}.Debug|Any CPU.ActiveCfg = Debug|Any CPU
		{E0128749-4929-4770-A8DA-1088F100BB09}.Debug|Any CPU.Build.0 = Debug|Any CPU
		{E0128749-4929-4770-A8DA-1088F100BB09}.Release|Any CPU.ActiveCfg = Release|Any CPU
		{E0128749-4929-4770-A8DA-1088F100BB09}.Release|Any CPU.Build.0 = Release|Any CPU
	EndGlobalSection
	GlobalSection(NestedProjects) = preSolution
		{51353E6D-B0C1-449A-B386-7C3915431BB6} = {64EF0673-107F-494B-87B4-A8EB4A53CADE}
		{19609700-00EF-4C12-9A2E-1F5A0D13E365} = {64EF0673-107F-494B-87B4-A8EB4A53CADE}
		{36C0884B-6E3B-448C-956C-AD2268F4CB96} = {64EF0673-107F-494B-87B4-A8EB4A53CADE}
		{2CCE4DCC-D388-4607-AA8F-4732369AAD20} = {64EF0673-107F-494B-87B4-A8EB4A53CADE}
		{A7DE00AF-74B4-4C9F-839B-9BE5529C3342} = {64EF0673-107F-494B-87B4-A8EB4A53CADE}
		{A4995446-1578-456B-9BC0-002C30303AFD} = {64EF0673-107F-494B-87B4-A8EB4A53CADE}
		{E0128749-4929-4770-A8DA-1088F100BB09} = {64EF0673-107F-494B-87B4-A8EB4A53CADE}
	EndGlobalSection
EndGlobal
